hash: b0ee6de4436a31fe9fc2d86de75470114f30203a0d0b76388c0b84667caa73d8
updated: 2017-08-10T13:02:58.119685633+01:00
imports:
- name: github.com/alecthomas/binary
  version: ec810c4448fb8161fd00898b18c6f72ec661216a
- name: github.com/cenkalti/backoff
  version: 32cd0c5b3aef12c76ed64aaf678f6c79736be7dc
- name: github.com/emicklei/go-restful
  version: 68c9750c36bb8cb433f1b88c807b4b30df4acc40
  subpackages:
  - log
- name: github.com/emicklei/go-restful-openapi
  version: 6997f63a0a95bc384f3114c75c609bb5566e08aa
- name: github.com/garyburd/redigo
  version: 433969511232c397de61b1442f9fd49ec06ae9ba
  subpackages:
  - internal
  - redis
- name: github.com/go-openapi/jsonpointer
  version: 779f45308c19820f1a69e9a4cd965f496e0da10f
- name: github.com/go-openapi/jsonreference
  version: 36d33bfe519efae5632669801b180bf1a245da3b
- name: github.com/go-openapi/spec
  version: 51363c5ae11ba8152bd9f35d17da715fbd1a1136
- name: github.com/go-openapi/swag
  version: f3f9494671f93fcff853e3c6e9e948b3eb71e590
- name: github.com/go-resty/resty
  version: cf81ed0a604d373be63b4c036c6b05c06520615f
- name: github.com/inconshreveable/mousetrap
  version: 76626ae9c91c4f2a10f34cad8ce83ea42c93bb75
- name: github.com/kazarena/json-gold
  version: ef687b2d9c3e50da2a842bc199e2364b1f0f4da6
  subpackages:
  - ld
- name: github.com/kelseyhightower/envconfig
  version: f611eb38b3875cc3bd991ca91c51d06446afa14c
- name: github.com/mailru/easyjson
  version: 2f5df55504ebc322e4d52d34df6a1f5b503bf26d
  subpackages:
  - buffer
  - jlexer
  - jwriter
- name: github.com/Pallinder/go-randomdata
  version: 8c3362a5e6781e0d1046f1267b3c1f19b2cde334
- name: github.com/PuerkitoBio/purell
  version: b938d81255b5473c57635324295cb0fe398c7a58
- name: github.com/PuerkitoBio/urlesc
  version: bbf7a2afc14f93e1e0a5c06df524fbd75e5031e5
- name: github.com/satori/go.uuid
  version: 879c5887cd475cd7864858769793b2ceb0d44feb
- name: github.com/spf13/cobra
  version: 5deb57bbca49eb370538fc295ba4b2988f9f5e09
- name: github.com/spf13/pflag
  version: e453343e6260b4a3a89f1f0e10a2fbb07f8d9750
- name: golang.org/x/net
  version: d1e1b351919c6738fdeb9893d5c998b161464f0c
  subpackages:
  - idna
  - publicsuffix
- name: golang.org/x/text
  version: f4b4367115ec2de254587813edaa901bc1c723a8
  subpackages:
  - secure/bidirule
  - transform
  - unicode/bidi
  - unicode/norm
  - width
- name: gopkg.in/validator.v2
  version: 07ffaad256c8e957050ad83d6472eb97d785013d
- name: gopkg.in/yaml.v2
  version: cd8b52f8269e0feb286dfeef29f8fe4d5b397e0b
testImports: []
